
Microsoft Visual Studio Solution File, Format Version 12.00
# Visual Studio Version 16
VisualStudioVersion = 16.0.29209.62
MinimumVisualStudioVersion = 10.0.40219.1
Project("{FAE04EC0-301F-11D3-BF4B-00C04F79EFBC}") = "AbsenceTrackerLibrary", "AbsenceTrackerLibrary\AbsenceTrackerLibrary.csproj", "{CDF07072-827D-43B8-B032-13085C386E3E}"
EndProject
Global
	GlobalSection(SolutionConfigurationPlatforms) = preSolution
		Debug|Any CPU = Debug|Any CPU
		Release|Any CPU = Release|Any CPU
	EndGlobalSection
	GlobalSection(ProjectConfigurationPlatforms) = postSolution
		{CDF07072-827D-43B8-B032-13085C386E3E}.Debug|Any CPU.ActiveCfg = Debug|Any CPU
		{CDF07072-827D-43B8-B032-13085C386E3E}.Debug|Any CPU.Build.0 = Debug|Any CPU
		{CDF07072-827D-43B8-B032-13085C386E3E}.Release|Any CPU.ActiveCfg = Release|Any CPU
		{CDF07072-827D-43B8-B032-13085C386E3E}.Release|Any CPU.Build.0 = Release|Any CPU
	EndGlobalSection
	GlobalSection(SolutionProperties) = preSolution
		HideSolutionNode = FALSE
	EndGlobalSection
	GlobalSection(ExtensibilityGlobals) = postSolution
		SolutionGuid = {9AAA2892-5098-4674-B5FE-112F73FDCF10}
	EndGlobalSection
EndGlobal
